
Microsoft Visual Studio Solution File, Format Version 12.00
# Visual Studio Version 16
VisualStudioVersion = 16.0.28803.352
MinimumVisualStudioVersion = 10.0.40219.1
Project("{9A19103F-16F7-4668-BE54-9A1E7A4F7556}") = "Bet.Extensions.Resilience.Abstractions", "src\Bet.Extensions.Resilience.Abstractions\Bet.Extensions.Resilience.Abstractions.csproj", "{AA56D526-0777-40C6-8CAF-9DA96911941C}"
EndProject
Project("{9A19103F-16F7-4668-BE54-9A1E7A4F7556}") = "Bet.Extensions.Resilience.UnitTest", "test\Bet.Extensions.Resilience.UnitTest\Bet.Extensions.Resilience.UnitTest.csproj", "{A7C3FDE4-CA19-40C4-A58C-3CD3386D7A78}"
EndProject
Project("{2150E333-8FDC-42A3-9474-1A3956D46DE8}") = "src", "src", "{32C6BDF4-6EEB-4C13-B084-AB554A2ACDAC}"
EndProject
Project("{2150E333-8FDC-42A3-9474-1A3956D46DE8}") = "test", "test", "{23BB98BA-5F4A-4220-BE4D-5604E58F56E5}"
EndProject
Project("{9A19103F-16F7-4668-BE54-9A1E7A4F7556}") = "Bet.Extensions.Resilience.Http", "src\Bet.Extensions.Resilience.Http\Bet.Extensions.Resilience.Http.csproj", "{4BA05CA6-9669-4014-8856-034B7229B835}"
EndProject
Project("{2150E333-8FDC-42A3-9474-1A3956D46DE8}") = "build", "build", "{EDACF3E2-D1FD-4ACD-92DA-D7B2B0D1DCF4}"
	ProjectSection(SolutionItems) = preProject
		build\dependencies.props = build\dependencies.props
		build\settings.props = build\settings.props
		build\sources.props = build\sources.props
	EndProjectSection
EndProject
Project("{9A19103F-16F7-4668-BE54-9A1E7A4F7556}") = "Bet.Extensions.Resilience.SampleWebApp", "src\Bet.Extensions.Resilience.SampleWebApp\Bet.Extensions.Resilience.SampleWebApp.csproj", "{EFA33EF3-60AC-41F9-AB21-722E54644C5A}"
EndProject
Project("{2150E333-8FDC-42A3-9474-1A3956D46DE8}") = "Solution Items", "Solution Items", "{D6D65A0B-5D03-44DC-A730-DB8A333CDC81}"
	ProjectSection(SolutionItems) = preProject
		.editorconfig = .editorconfig
		.gitattributes = .gitattributes
		.gitignore = .gitignore
		appveyor.yml = appveyor.yml
		CHANGELOG.md = CHANGELOG.md
		clean.sh = clean.sh
		Directory.Build.props = Directory.Build.props
		Directory.Build.targets = Directory.Build.targets
		LICENSE = LICENSE
		README.md = README.md
	EndProjectSection
EndProject
Project("{9A19103F-16F7-4668-BE54-9A1E7A4F7556}") = "Bet.Extensions.MessageHandlers", "src\Bet.Extensions.MessageHandlers\Bet.Extensions.MessageHandlers.csproj", "{199EAEAC-9EE7-4324-A26D-F4CCF34BD971}"
EndProject
Project("{E53339B2-1760-4266-BCC7-CA923CBCF16C}") = "docker-compose", "docker-compose.dcproj", "{833F0A13-3371-483A-9440-7B4DEDCFBF71}"
EndProject
Global
	GlobalSection(SolutionConfigurationPlatforms) = preSolution
		Debug|Any CPU = Debug|Any CPU
		Release|Any CPU = Release|Any CPU
	EndGlobalSection
	GlobalSection(ProjectConfigurationPlatforms) = postSolution
		{AA56D526-0777-40C6-8CAF-9DA96911941C}.Debug|Any CPU.ActiveCfg = Debug|Any CPU
		{AA56D526-0777-40C6-8CAF-9DA96911941C}.Debug|Any CPU.Build.0 = Debug|Any CPU
		{AA56D526-0777-40C6-8CAF-9DA96911941C}.Release|Any CPU.ActiveCfg = Release|Any CPU
		{AA56D526-0777-40C6-8CAF-9DA96911941C}.Release|Any CPU.Build.0 = Release|Any CPU
		{A7C3FDE4-CA19-40C4-A58C-3CD3386D7A78}.Debug|Any CPU.ActiveCfg = Debug|Any CPU
		{A7C3FDE4-CA19-40C4-A58C-3CD3386D7A78}.Debug|Any CPU.Build.0 = Debug|Any CPU
		{A7C3FDE4-CA19-40C4-A58C-3CD3386D7A78}.Release|Any CPU.ActiveCfg = Release|Any CPU
		{A7C3FDE4-CA19-40C4-A58C-3CD3386D7A78}.Release|Any CPU.Build.0 = Release|Any CPU
		{4BA05CA6-9669-4014-8856-034B7229B835}.Debug|Any CPU.ActiveCfg = Debug|Any CPU
		{4BA05CA6-9669-4014-8856-034B7229B835}.Debug|Any CPU.Build.0 = Debug|Any CPU
		{4BA05CA6-9669-4014-8856-034B7229B835}.Release|Any CPU.ActiveCfg = Release|Any CPU
		{4BA05CA6-9669-4014-8856-034B7229B835}.Release|Any CPU.Build.0 = Release|Any CPU
		{EFA33EF3-60AC-41F9-AB21-722E54644C5A}.Debug|Any CPU.ActiveCfg = Debug|Any CPU
		{EFA33EF3-60AC-41F9-AB21-722E54644C5A}.Debug|Any CPU.Build.0 = Debug|Any CPU
		{EFA33EF3-60AC-41F9-AB21-722E54644C5A}.Release|Any CPU.ActiveCfg = Release|Any CPU
		{EFA33EF3-60AC-41F9-AB21-722E54644C5A}.Release|Any CPU.Build.0 = Release|Any CPU
		{199EAEAC-9EE7-4324-A26D-F4CCF34BD971}.Debug|Any CPU.ActiveCfg = Debug|Any CPU
		{199EAEAC-9EE7-4324-A26D-F4CCF34BD971}.Debug|Any CPU.Build.0 = Debug|Any CPU
		{199EAEAC-9EE7-4324-A26D-F4CCF34BD971}.Release|Any CPU.ActiveCfg = Release|Any CPU
		{199EAEAC-9EE7-4324-A26D-F4CCF34BD971}.Release|Any CPU.Build.0 = Release|Any CPU
		{833F0A13-3371-483A-9440-7B4DEDCFBF71}.Debug|Any CPU.ActiveCfg = Debug|Any CPU
		{833F0A13-3371-483A-9440-7B4DEDCFBF71}.Release|Any CPU.ActiveCfg = Release|Any CPU
		{833F0A13-3371-483A-9440-7B4DEDCFBF71}.Release|Any CPU.Build.0 = Release|Any CPU
	EndGlobalSection
	GlobalSection(SolutionProperties) = preSolution
		HideSolutionNode = FALSE
	EndGlobalSection
	GlobalSection(NestedProjects) = preSolution
		{AA56D526-0777-40C6-8CAF-9DA96911941C} = {32C6BDF4-6EEB-4C13-B084-AB554A2ACDAC}
		{A7C3FDE4-CA19-40C4-A58C-3CD3386D7A78} = {23BB98BA-5F4A-4220-BE4D-5604E58F56E5}
		{4BA05CA6-9669-4014-8856-034B7229B835} = {32C6BDF4-6EEB-4C13-B084-AB554A2ACDAC}
		{EFA33EF3-60AC-41F9-AB21-722E54644C5A} = {32C6BDF4-6EEB-4C13-B084-AB554A2ACDAC}
		{199EAEAC-9EE7-4324-A26D-F4CCF34BD971} = {32C6BDF4-6EEB-4C13-B084-AB554A2ACDAC}
	EndGlobalSection
	GlobalSection(ExtensibilityGlobals) = postSolution
		SolutionGuid = {23EAFD8A-DAB7-43F6-86D1-9F6C6A81F6D0}
	EndGlobalSection
EndGlobal
